{
  "name": "border-value",
  "version": "1.0.0-rc.1",
  "lockfileVersion": 3,
  "requires": true,
  "packages": {
    "": {
      "name": "border-value",
      "version": "1.0.0-rc.1",
      "dependencies": {
        "@oai/artifact-tool": "file:C:/Users/Rosana Santos/.cache/codex-runtimes/codex-primary-runtime/dependencies/node/node_modules/@oai/artifact-tool"
      }
    },
    "../../../.cache/codex-runtimes/codex-primary-runtime/dependencies/node/node_modules/@oai/artifact-tool": {
      "version": "2.8.22",
      "bundleDependencies": [
        "@oai/walnut",
        "skia-canvas"
      ],
      "dependencies": {
        "@oai/walnut": "0.1.210",
        "skia-canvas": "^3.0.6"
      }
    },
    "node_modules/@oai/artifact-tool": {
      "resolved": "../../../.cache/codex-runtimes/codex-primary-runtime/dependencies/node/node_modules/@oai/artifact-tool",
      "link": true
    }
  }
}
